
Microsoft Visual Studio Solution File, Format Version 12.00
# Visual Studio Version 17
VisualStudioVersion = 17.1.32210.238
MinimumVisualStudioVersion = 10.0.40219.1
Project("{9A19103F-16F7-4668-BE54-9A1E7A4F7556}") = "formula2cnf", "formula2cnf\formula2cnf.csproj", "{76B5E31A-CC03-4F7A-9F28-52F36319BF51}"
EndProject
Project("{9A19103F-16F7-4668-BE54-9A1E7A4F7556}") = "formula2cnf.test", "formula2cnf.test\formula2cnf.test.csproj", "{7E92F58E-6F19-4FD0-8C4D-A0D25A0A815A}"
EndProject
Project("{9A19103F-16F7-4668-BE54-9A1E7A4F7556}") = "dpll", "dpll\dpll.csproj", "{BEDA9E68-B165-443A-894D-D80F31588492}"
EndProject
Project("{FAE04EC0-301F-11D3-BF4B-00C04F79EFBC}") = "dpll.test", "dpll.test\dpll.test.csproj", "{3CAE9CB1-67CF-438A-B2DC-8D45A41E4439}"
EndProject
Global
	GlobalSection(SolutionConfigurationPlatforms) = preSolution
		Debug|Any CPU = Debug|Any CPU
		Release|Any CPU = Release|Any CPU
	EndGlobalSection
	GlobalSection(ProjectConfigurationPlatforms) = postSolution
		{76B5E31A-CC03-4F7A-9F28-52F36319BF51}.Debug|Any CPU.ActiveCfg = Debug|Any CPU
		{76B5E31A-CC03-4F7A-9F28-52F36319BF51}.Debug|Any CPU.Build.0 = Debug|Any CPU
		{76B5E31A-CC03-4F7A-9F28-52F36319BF51}.Release|Any CPU.ActiveCfg = Release|Any CPU
		{76B5E31A-CC03-4F7A-9F28-52F36319BF51}.Release|Any CPU.Build.0 = Release|Any CPU
		{7E92F58E-6F19-4FD0-8C4D-A0D25A0A815A}.Debug|Any CPU.ActiveCfg = Debug|Any CPU
		{7E92F58E-6F19-4FD0-8C4D-A0D25A0A815A}.Debug|Any CPU.Build.0 = Debug|Any CPU
		{7E92F58E-6F19-4FD0-8C4D-A0D25A0A815A}.Release|Any CPU.ActiveCfg = Release|Any CPU
		{7E92F58E-6F19-4FD0-8C4D-A0D25A0A815A}.Release|Any CPU.Build.0 = Release|Any CPU
		{BEDA9E68-B165-443A-894D-D80F31588492}.Debug|Any CPU.ActiveCfg = Debug|Any CPU
		{BEDA9E68-B165-443A-894D-D80F31588492}.Debug|Any CPU.Build.0 = Debug|Any CPU
		{BEDA9E68-B165-443A-894D-D80F31588492}.Release|Any CPU.ActiveCfg = Release|Any CPU
		{BEDA9E68-B165-443A-894D-D80F31588492}.Release|Any CPU.Build.0 = Release|Any CPU
		{3CAE9CB1-67CF-438A-B2DC-8D45A41E4439}.Debug|Any CPU.ActiveCfg = Debug|Any CPU
		{3CAE9CB1-67CF-438A-B2DC-8D45A41E4439}.Debug|Any CPU.Build.0 = Debug|Any CPU
		{3CAE9CB1-67CF-438A-B2DC-8D45A41E4439}.Release|Any CPU.ActiveCfg = Release|Any CPU
		{3CAE9CB1-67CF-438A-B2DC-8D45A41E4439}.Release|Any CPU.Build.0 = Release|Any CPU
	EndGlobalSection
	GlobalSection(SolutionProperties) = preSolution
		HideSolutionNode = FALSE
	EndGlobalSection
	GlobalSection(ExtensibilityGlobals) = postSolution
		SolutionGuid = {B4F3E6FD-5910-44D9-8BF8-941543F4D677}
	EndGlobalSection
EndGlobal
